# This file is autogenerated, do not edit; changes may be undone by the next 'dep ensure'.


[[projects]]
  branch = "master"
  digest = "1:eb5ad542bbd1a954f86526fce5b7994c7e9cfcf17a26d8be5908e36ac186ab6a"
  name = "cloud.google.com/go"
  packages = [
    "civil",
    "compute/metadata",
    "internal/atomiccache",
    "internal/fields",
    "internal/protostruct",
    "internal/version",
    "longrunning",
    "longrunning/autogen",
    "spanner",
    "spanner/admin/database/apiv1",
  ]
  pruneopts = "NUT"
  revision = "1ee33932d06ebf34c752d443a331e9003093dbfa"

[[projects]]
  branch = "master"
  digest = "1:386e5a632be2aa525a327e13694bd22bde42fe6fe925c3bfef89b59c6e10b08f"
  name = "github.com/AndreasBriese/bbloom"
  packages = ["."]
  pruneopts = "NUT"
  revision = "343706a395b76e5ca5c7dca46a5d937b48febc74"

[[projects]]
  branch = "master"
  digest = "1:5d72bbcc9c8667b11c3dc3cbe681c5a6f71e5096744c0bf7726ab5c6425d5dc4"
  name = "github.com/BurntSushi/toml"
  packages = ["."]
  pruneopts = "NUT"
  revision = "3012a1dbe2e4bd1391d42b32f0577cb7bbc7f005"

[[projects]]
  digest = "1:b098143799131513da6d50eff479b5cbf3a0f75d377c6e969b7753e992f53867"
  name = "github.com/aerospike/aerospike-client-go"
  packages = [
    ".",
    "internal/lua",
    "internal/lua/resources",
    "logger",
    "pkg/bcrypt",
    "pkg/ripemd160",
    "types",
    "types/atomic",
    "types/particle_type",
    "types/rand",
    "utils/buffer",
  ]
  pruneopts = "NUT"
  revision = "506514fe33c61d0efcab7f89dc589c6b55664cea"
  version = "v1.35.2"

[[projects]]
  digest = "1:4120c9dd205111d72e137f6ab1c33e9c166df781d76a2e26ce080e8b8af27134"
  name = "github.com/apple/foundationdb"
  packages = ["bindings/go/src/fdb"]
  pruneopts = "NUT"
  revision = "ae899a1c6a06635c07d04c8577b885b7aa699773"
  version = "5.2.8"

[[projects]]
  branch = "master"
  digest = "1:707ebe952a8b3d00b343c01536c79c73771d100f63ec6babeaed5c79e2b8a8dd"
  name = "github.com/beorn7/perks"
  packages = ["quantile"]
  pruneopts = "NUT"
  revision = "3a771d992973f24aa725d07868b467d1ddfceafb"

[[projects]]
  branch = "master"
  digest = "1:eb9c41cfc9fb45f8c4a8a1fbd4683c5ec90ae5c6a913b9ac3a8f606d6eac0510"
  name = "github.com/chzyer/readline"
  packages = ["."]
  pruneopts = "NUT"
  revision = "2972be24d48e78746da79ba8e24e8b488c9880de"

[[projects]]
  branch = "master"
  digest = "1:8ecb89af7dfe3ac401bdb0c9390b134ef96a97e85f732d2b0604fb7b3977839f"
  name = "github.com/codahale/hdrhistogram"
  packages = ["."]
  pruneopts = "NUT"
  revision = "3a0bb77429bd3a61596f5e8a3172445844342120"

[[projects]]
  digest = "1:7a5c43af23a0c21f4f1762d54af95586f9c04836257e66631557d8f8200ef0e1"
  name = "github.com/coreos/etcd"
  packages = [
    "auth/authpb",
    "clientv3",
    "clientv3/concurrency",
    "etcdserver/api/v3rpc/rpctypes",
    "etcdserver/etcdserverpb",
    "mvcc/mvccpb",
    "pkg/types",
  ]
  pruneopts = "NUT"
  revision = "eddf599c689ec85f4752060edff5a72e81e9106a"
  version = "v3.2.18"

[[projects]]
  branch = "master"
  digest = "1:be5b97b5b5da2224556c71b7d38f1206cedbd88ca51703b6122c2aaa1dd2fae4"
  name = "github.com/cznic/mathutil"
  packages = ["."]
  pruneopts = "NUT"
  revision = "eba54fb065b72d838b4b3481c6056998ead55e74"

[[projects]]
  digest = "1:521dbffa94d29f0d7870a44a8822272ded7abcfc6d29b047e37d7eb2cb728b26"
  name = "github.com/dgraph-io/badger"
  packages = [
    ".",
    "options",
    "protos",
    "skl",
    "table",
    "y",
  ]
  pruneopts = "NUT"
  revision = "99233d725dbdd26d156c61b2f42ae1671b794656"
  version = "v1.5.4"

[[projects]]
  branch = "master"
  digest = "1:3bde5c0379e801eefa31b42f0898745c298a25473ab62da93ac94d5da7e4196c"
  name = "github.com/dgryski/go-farm"
  packages = ["."]
  pruneopts = "NUT"
  revision = "2de33835d10275975374b37b2dcfd22c9020a1f5"

[[projects]]
  digest = "1:747c1fcb10f8f6734551465ab73c6ed9c551aa6e66250fb6683d1624f554546a"
  name = "github.com/go-sql-driver/mysql"
  packages = ["."]
  pruneopts = "NUT"
  revision = "d523deb1b23d913de5bdada721a6071e71283618"
  version = "v1.4.0"

[[projects]]
  digest = "1:700c0988d24fac04439828af2aab8e7d1638cea3bc91ff20d2a2befc970ff165"
  name = "github.com/gogo/protobuf"
  packages = [
    "gogoproto",
    "proto",
    "protoc-gen-gogo/descriptor",
  ]
  pruneopts = "NUT"
  revision = "636bf0302bc95575d69441b25a2603156ffdddf1"
  version = "v1.1.1"

[[projects]]
  digest = "1:14d9dd2c6e434160dea649acdcc5ac4edb071174598210c951c5bdaad6c58335"
  name = "github.com/golang/protobuf"
  packages = [
    "proto",
    "protoc-gen-go/descriptor",
    "ptypes",
    "ptypes/any",
    "ptypes/duration",
    "ptypes/empty",
    "ptypes/struct",
    "ptypes/timestamp",
  ]
  pruneopts = "NUT"
  revision = "aa810b61a9c79d51363740d207bb46cf8e620ed5"
  version = "v1.2.0"

[[projects]]
  branch = "master"
  digest = "1:7f114b78210bf5b75f307fc97cff293633c835bab1e0ea8a744a44b39c042dfe"
  name = "github.com/golang/snappy"
  packages = ["."]
  pruneopts = "NUT"
  revision = "2e65f85255dbc3072edf28d6b5b8efc472979f5a"

[[projects]]
  branch = "master"
  digest = "1:05f95ffdfcf651bdb0f05b40b69e7f5663047f8da75c72d58728acb59b5cc107"
  name = "github.com/google/btree"
  packages = ["."]
  pruneopts = "NUT"
  revision = "4030bb1f1f0c35b30ca7009e9ebd06849dd45306"

[[projects]]
  digest = "1:fe852c57b4fc4d11e6ef79bce1e930ee2f2f7d148b370afef8f8d012a80960ea"
  name = "github.com/googleapis/gax-go"
  packages = ["."]
  pruneopts = "NUT"
  revision = "317e0006254c44a0ac427cc52a0e083ff0b9622f"
  version = "v2.0.0"

[[projects]]
  digest = "1:0aa5274053fdc232896f0835c712f4a39992d959f8e2363f189a7b0df36f136b"
  name = "github.com/grpc-ecosystem/go-grpc-middleware"
  packages = [
    ".",
    "tags",
    "tracing/opentracing",
    "util/metautils",
  ]
  pruneopts = "NUT"
  revision = "82921fcf811d228d2fa202bc31238b356bf9f8d5"

[[projects]]
  digest = "1:5872c7f130f62fc34bfda20babad36be6309c00b5c9207717f7cd2a51536fff4"
  name = "github.com/grpc-ecosystem/go-grpc-prometheus"
  packages = ["."]
  pruneopts = "NUT"
  revision = "c225b8c3b01faf2899099b768856a9e916e5087b"
  version = "v1.2.0"

[[projects]]
  digest = "1:406338ad39ab2e37b7f4452906442a3dbf0eb3379dd1f06aafb5c07e769a5fbb"
  name = "github.com/inconshreveable/mousetrap"
  packages = ["."]
  pruneopts = "NUT"
  revision = "76626ae9c91c4f2a10f34cad8ce83ea42c93bb75"
  version = "v1.0"

[[projects]]
  digest = "1:5e55a8699c9ff7aba1e4c8952aeda209685d88d4cb63a8766c338e333b8e65d6"
  name = "github.com/klauspost/cpuid"
  packages = ["."]
  pruneopts = "NUT"
  revision = "ae7887de9fa5d2db4eaa8174a7eff2c1ac00f2da"
  version = "v1.1"

[[projects]]
  branch = "master"
  digest = "1:784d05a21c37defeaba624c1b0a55cb2c6488dbc9f456df16aab1af4928618c6"
  name = "github.com/lib/pq"
  packages = [
    ".",
    "oid",
  ]
  pruneopts = "NUT"
  revision = "9eb73efc1fcc404148b56765b0d3f61d9a5ef8ee"

[[projects]]
  digest = "1:d244f8666a838fe6ad70ec8fe77f50ebc29fdc3331a2729ba5886bef8435d10d"
  name = "github.com/magiconair/properties"
  packages = ["."]
  pruneopts = "NUT"
  revision = "c2353362d570a7bfa228149c62842019201cfb71"
  version = "v1.8.0"

[[projects]]
  digest = "1:5985ef4caf91ece5d54817c11ea25f182697534f8ae6521eadcd628c142ac4b6"
  name = "github.com/matttproud/golang_protobuf_extensions"
  packages = ["pbutil"]
  pruneopts = "NUT"
  revision = "c12348ce28de40eed0136aa2b644d0ee0650e56c"
  version = "v1.0.1"

[[projects]]
  digest = "1:7da29c22bcc5c2ffb308324377dc00b5084650348c2799e573ed226d8cc9faf0"
  name = "github.com/opentracing/opentracing-go"
  packages = [
    ".",
    "ext",
    "log",
  ]
  pruneopts = "NUT"
  revision = "1949ddbfd147afd4d964a9f00b24eb291e0e7c38"
  version = "v1.0.2"

[[projects]]
  branch = "master"
  digest = "1:3bf17a6e6eaa6ad24152148a631d18662f7212e21637c2699bff3369b7f00fa2"
  name = "github.com/petar/GoLLRB"
  packages = ["llrb"]
  pruneopts = "NUT"
  revision = "53be0d36a84c2a886ca057d34b6aa4468df9ccb4"

[[projects]]
  digest = "1:4b96ce0f151b10c52b1d6876c179e9a6d2329f98939c4cf8148daaf27f981413"
  name = "github.com/pingcap/errors"
  packages = ["."]
  pruneopts = "NUT"
  revision = "1176802fff62540cc87d289bd40c52a2d6b2ea16"
  version = "v0.11.0"

[[projects]]
  branch = "master"
  digest = "1:8fd099a567b1e9b3a7e1f66d8547a0d2b1852427e86a0dae96fa59e9583e13e6"
  name = "github.com/pingcap/goleveldb"
  packages = [
    "leveldb",
    "leveldb/cache",
    "leveldb/comparer",
    "leveldb/errors",
    "leveldb/filter",
    "leveldb/iterator",
    "leveldb/journal",
    "leveldb/memdb",
    "leveldb/opt",
    "leveldb/storage",
    "leveldb/table",
    "leveldb/util",
  ]
  pruneopts = "NUT"
  revision = "b9ff6c35079e0b7925a4028005fc2dbc37aec69a"

[[projects]]
  branch = "master"
  digest = "1:c1fb6c548abf049fbb251bbf7c301bb4590d97b156c90767f29c8ba30d1fb08a"
  name = "github.com/pingcap/kvproto"
  packages = [
    "pkg/coprocessor",
    "pkg/eraftpb",
    "pkg/errorpb",
    "pkg/kvrpcpb",
    "pkg/metapb",
    "pkg/pdpb",
    "pkg/raft_serverpb",
    "pkg/tikvpb",
  ]
  pruneopts = "NUT"
  revision = "855d2192cdc79c7353cf36e6b60e049bf436dc8a"

[[projects]]
  branch = "master"
  digest = "1:da0074cf6ee287c43561812a68450c605561b7d02156a2e124ae04dc5bc1ec8d"
  name = "github.com/pingcap/parser"
  packages = [
    "ast",
    "auth",
    "charset",
    "format",
    "model",
    "mysql",
    "opcode",
    "terror",
    "types",
  ]
  pruneopts = "NUT"
  revision = "53ac409ed043f89a850043d2440aaaa7dd863a1c"

[[projects]]
  branch = "master"
  digest = "1:5fddbc5e4e7fefcde1e1211684839dab94545154ed1c3dda53943a4d5ef12ac2"
  name = "github.com/pingcap/pd"
  packages = ["client"]
  pruneopts = "NUT"
  revision = "4cdbccab34f940e1e0ee508901931f598fccdb2c"

[[projects]]
  branch = "master"
  digest = "1:6feb3a23ec4161063a895b906b8104f79a4555b33c5e99222c2380f4c5bafa7f"
  name = "github.com/pingcap/tidb"
  packages = [
    "config",
    "kv",
    "meta",
    "meta/autoid",
    "metrics",
    "owner",
    "sessionctx",
    "sessionctx/binloginfo",
    "sessionctx/stmtctx",
    "sessionctx/variable",
    "store/tikv",
    "store/tikv/latch",
    "store/tikv/oracle",
    "store/tikv/oracle/oracles",
    "store/tikv/tikvrpc",
    "structure",
    "tablecodec",
    "types",
    "types/json",
    "util",
    "util/chunk",
    "util/codec",
    "util/execdetails",
    "util/hack",
    "util/kvcache",
    "util/logutil",
    "util/memory",
    "util/timeutil",
  ]
  pruneopts = "NUT"
  revision = "a7532f12bb78cda1faa1198f95017049b348a697"

[[projects]]
  digest = "1:ef1a3a4694f068c0f914a809fbfa48e0a44d50dc1154d72e85b15be01facda23"
  name = "github.com/pingcap/tidb-tools"
  packages = [
    "pkg/etcd",
    "pkg/utils",
    "tidb-binlog/node",
    "tidb-binlog/pump_client",
  ]
  pruneopts = "NUT"
  revision = "5db58e3b7e6613456551c40d011806a346b2f44a"

[[projects]]
  branch = "master"
  digest = "1:9d9d9bf758fc9bbf1a4976534c1622dbca61a8da53d98416dbb711e309e379f7"
  name = "github.com/pingcap/tipb"
  packages = [
    "go-binlog",
    "go-tipb",
    "sharedbytes",
  ]
  pruneopts = "NUT"
  revision = "11e33c750323a0267a6aee335eaaeb7831bdae67"

[[projects]]
  digest = "1:4b96ce0f151b10c52b1d6876c179e9a6d2329f98939c4cf8148daaf27f981413"
  name = "github.com/pkg/errors"
  packages = ["."]
  pruneopts = "NUT"
  revision = "1176802fff62540cc87d289bd40c52a2d6b2ea16"
  source = "https://github.com/pingcap/errors.git"
  version = "v0.11.0"

[[projects]]
  digest = "1:3e5fd795ebf6a9e13e67d644da76130af7a6003286531f9573f8074c228b66a3"
  name = "github.com/prometheus/client_golang"
  packages = ["prometheus"]
  pruneopts = "NUT"
  revision = "c5b7fccd204277076155f10851dad72b76a49317"
  version = "v0.8.0"

[[projects]]
  branch = "master"
  digest = "1:2d5cd61daa5565187e1d96bae64dbbc6080dacf741448e9629c64fd93203b0d4"
  name = "github.com/prometheus/client_model"
  packages = ["go"]
  pruneopts = "NUT"
  revision = "5c3871d89910bfb32f5fcab2aa4b9ec68e65a99f"

[[projects]]
  branch = "master"
  digest = "1:06375f3b602de9c99fa99b8484f0e949fd5273e6e9c6592b5a0dd4cd9085f3ea"
  name = "github.com/prometheus/common"
  packages = [
    "expfmt",
    "internal/bitbucket.org/ww/goautoneg",
    "model",
  ]
  pruneopts = "NUT"
  revision = "7e9e6cabbd393fc208072eedef99188d0ce788b6"

[[projects]]
  branch = "master"
  digest = "1:102dea0c03a915acfc634b7c67f2662012b5483b56d9025e33f5188e112759b6"
  name = "github.com/prometheus/procfs"
  packages = [
    ".",
    "internal/util",
    "nfs",
    "xfs",
  ]
  pruneopts = "NUT"
  revision = "185b4288413d2a0dd0806f78c90dde719829e5ae"

[[projects]]
  branch = "master"
  digest = "1:e3eeca4ba9d81b6356de2fd9dd18268e4dfc701af55ad1d11e1e2e4d87342afd"
  name = "github.com/remyoudompheng/bigfft"
  packages = ["."]
  pruneopts = "NUT"
  revision = "52369c62f4463a21c8ff8531194c5526322b8521"

[[projects]]
  digest = "1:4c173651d2deb815a0420aeb1b3f7ca3c4aef2d980ba164a501a53f6abf368ef"
  name = "github.com/sirupsen/logrus"
  packages = ["."]
  pruneopts = "NUT"
  revision = "3bcb09397d6d88e7676a9bc8433ca11ba5304837"

[[projects]]
  digest = "1:96ea40e8fab1400b769ff9669dd7f7de613c3a1943dd7f451c4ccbb05115bcaa"
  name = "github.com/spaolacci/murmur3"
  packages = ["."]
  pruneopts = "NUT"
  revision = "9f5d223c60793748f04a9d5b4b4eacddfc1f755d"
  version = "v1.1"

[[projects]]
  branch = "master"
  digest = "1:62caa436b82f9045674f41ac847d526df121b6583b0cc904c2172b586acef4e3"
  name = "github.com/spf13/cobra"
  packages = ["."]
  pruneopts = "NUT"
  revision = "fe5e611709b0c57fa4a89136deaa8e1d4004d053"

[[projects]]
  digest = "1:9d8420bbf131d1618bde6530af37c3799340d3762cc47210c1d9532a4c3a2779"
  name = "github.com/spf13/pflag"
  packages = ["."]
  pruneopts = "NUT"
  revision = "298182f68c66c05229eb03ac171abe6e309ee79a"
  version = "v1.0.3"

[[projects]]
  branch = "master"
  digest = "1:a82c690e5c224d74fa481342ce2dee0c9350ab91d727262761975c232551ddc6"
  name = "github.com/tecbot/gorocksdb"
  packages = ["."]
  pruneopts = "NUT"
  revision = "ab9bf2cc4b67987c7703298ab33b71d62a755796"
  source = "https://github.com/DorianZheng/gorocksdb.git"

[[projects]]
  digest = "1:e102137207774595c04b9f8f33e24dee0e2b5e2a6551bd473d0b43c53f67f928"
  name = "github.com/twinj/uuid"
  packages = ["."]
  pruneopts = "NUT"
  revision = "835a10bbd6bce40820349a68b1368a62c3c5617c"
  version = "v1.0.0"

[[projects]]
  digest = "1:87dee780f88f86f300bbd90116e933347cf4a3c65c1960072d412597a8896d50"
  name = "github.com/uber/jaeger-client-go"
  packages = [
    ".",
    "config",
    "internal/baggage",
    "internal/baggage/remote",
    "internal/spanlog",
    "internal/throttler",
    "internal/throttler/remote",
    "log",
    "rpcmetrics",
    "thrift",
    "thrift-gen/agent",
    "thrift-gen/baggage",
    "thrift-gen/jaeger",
    "thrift-gen/sampling",
    "thrift-gen/zipkincore",
    "transport",
    "utils",
  ]
  pruneopts = "NUT"
  revision = "1a782e2da844727691fef1757c72eb190c2909f0"
  version = "v2.15.0"

[[projects]]
  digest = "1:0f09db8429e19d57c8346ad76fbbc679341fa86073d3b8fb5ac919f0357d8f4c"
  name = "github.com/uber/jaeger-lib"
  packages = ["metrics"]
  pruneopts = "NUT"
  revision = "ed3a127ec5fef7ae9ea95b01b542c47fbd999ce5"
  version = "v1.5.0"

[[projects]]
  branch = "master"
  digest = "1:99541efb906f9c86e0edc484edd0bae679f4e18f22168cacf3fa9855e2550418"
  name = "github.com/yuin/gopher-lua"
  packages = [
    ".",
    "ast",
    "parse",
    "pm",
  ]
  pruneopts = "NUT"
  revision = "12c4817b42c5e5b1f9e2690e42bfeaac8727924f"

[[projects]]
  digest = "1:5622c6893f87955f945c430461d41ebf6e26498214559cbaf93d284e2c8e9047"
  name = "go.opencensus.io"
  packages = [
    ".",
    "exemplar",
    "internal",
    "internal/tagencoding",
    "plugin/ocgrpc",
    "plugin/ochttp",
    "plugin/ochttp/propagation/b3",
    "stats",
    "stats/internal",
    "stats/view",
    "tag",
    "trace",
    "trace/internal",
    "trace/propagation",
    "trace/tracestate",
  ]
  pruneopts = "NUT"
  revision = "b7bf3cdb64150a8c8c53b769fdeb2ba581bd4d4b"
  version = "v0.18.0"

[[projects]]
  branch = "master"
  digest = "1:4bccb8a6f9536f236c57a8757304a532f8abb8ded9a7a267c490a28a55a59509"
  name = "golang.org/x/net"
  packages = [
    "context",
    "context/ctxhttp",
    "http/httpguts",
    "http2",
    "http2/hpack",
    "idna",
    "internal/timeseries",
    "trace",
  ]
  pruneopts = "NUT"
  revision = "c44066c5c816ec500d459a2a324a753f78531ae0"

[[projects]]
  branch = "master"
  digest = "1:51fb7e0f998a64be8c8a94b79a5338bc4f022eabfe7a9d359cb98fdd09a7141b"
  name = "golang.org/x/oauth2"
  packages = [
    ".",
    "google",
    "internal",
    "jws",
    "jwt",
  ]
  pruneopts = "NUT"
  revision = "8527f56f71077909d6ead7facfe18fbf05ebdf83"

[[projects]]
  branch = "master"
  digest = "1:7f814e4592f2e0a5a01a315b6e8d1536334058199d2560a21437cc7ff018e24d"
  name = "golang.org/x/sys"
  packages = ["unix"]
  pruneopts = "NUT"
  revision = "7e31e0c00fa05cb5fbf4347b585621d6709e19a4"

[[projects]]
  digest = "1:f896505f33fdf5f120d202901ffcafef36c4ff5da2f1ac1aa09c9a51143ac535"
  name = "golang.org/x/text"
  packages = [
    "collate",
    "collate/build",
    "encoding",
    "encoding/charmap",
    "encoding/internal",
    "encoding/internal/identifier",
    "encoding/japanese",
    "encoding/korean",
    "encoding/simplifiedchinese",
    "encoding/traditionalchinese",
    "encoding/unicode",
    "internal/colltab",
    "internal/gen",
    "internal/tag",
    "internal/triegen",
    "internal/ucd",
    "internal/utf8internal",
    "language",
    "runes",
    "secure/bidirule",
    "transform",
    "unicode/bidi",
    "unicode/cldr",
    "unicode/norm",
    "unicode/rangetable",
  ]
  pruneopts = "NUT"
  revision = "f21a4dfb5e38f5895301dc265a8def02365cc3d0"
  version = "v0.3.0"

[[projects]]
  branch = "master"
  digest = "1:1a3942fc3273da30e7c63f8ff6ffab47580f01b055302a5aa9590eef7446c043"
  name = "google.golang.org/api"
  packages = [
    "googleapi/transport",
    "internal",
    "iterator",
    "option",
    "transport",
    "transport/grpc",
    "transport/http",
    "transport/http/internal/propagation",
  ]
  pruneopts = "NUT"
  revision = "c4edf6535eee1d314d283301186559db8475d25b"

[[projects]]
  digest = "1:a939b6c1496212400c85f9a14da836b8ba6590c155defc7cb1fc1471adc83ef0"
  name = "google.golang.org/appengine"
  packages = [
    ".",
    "cloudsql",
    "internal",
    "internal/app_identity",
    "internal/base",
    "internal/datastore",
    "internal/log",
    "internal/modules",
    "internal/remote_api",
    "internal/socket",
    "internal/urlfetch",
    "socket",
    "urlfetch",
  ]
  pruneopts = "NUT"
  revision = "ae0ab99deb4dc413a2b4bd6c8bdd0eb67f1e4d06"
  version = "v1.2.0"

[[projects]]
  branch = "master"
  digest = "1:8116ab86b4ec6e55ead4af3f3381b050a46c80b0d42732c9704ad6f4894c936d"
  name = "google.golang.org/genproto"
  packages = [
    "googleapis/api/annotations",
    "googleapis/iam/v1",
    "googleapis/longrunning",
    "googleapis/rpc/errdetails",
    "googleapis/rpc/status",
    "googleapis/spanner/admin/database/v1",
    "googleapis/spanner/v1",
  ]
  pruneopts = "NUT"
  revision = "b69ba1387ce2108ac9bc8e8e5e5a46e7d5c72313"

[[projects]]
  digest = "1:880e55ae18feac97650ae82ea1b8b27fae7d56f3658ada050e657d877f2f31d7"
  name = "google.golang.org/grpc"
  packages = [
    ".",
    "balancer",
    "balancer/base",
    "balancer/roundrobin",
    "codes",
    "connectivity",
    "credentials",
    "credentials/oauth",
    "encoding",
    "encoding/proto",
    "grpclog",
    "health/grpc_health_v1",
    "internal",
    "internal/backoff",
    "internal/channelz",
    "internal/envconfig",
    "internal/grpcrand",
    "internal/transport",
    "keepalive",
    "metadata",
    "naming",
    "peer",
    "resolver",
    "resolver/dns",
    "resolver/passthrough",
    "stats",
    "status",
    "tap",
  ]
  pruneopts = "NUT"
  revision = "2e463a05d100327ca47ac218281906921038fd95"
  source = "https://github.com/grpc/grpc-go.git"
  version = "v1.16.0"

[[projects]]
  digest = "1:80c34337e8a734e190f2d1b716cae774cca74db98315166f92074434e9af0227"
  name = "gopkg.in/natefinch/lumberjack.v2"
  packages = ["."]
  pruneopts = "NUT"
  revision = "a96e63847dc3c67d17befa69c303767e2f84e54f"
  version = "v2.1"

[solve-meta]
  analyzer-name = "dep"
  analyzer-version = 1
  input-imports = [
    "cloud.google.com/go/spanner",
    "cloud.google.com/go/spanner/admin/database/apiv1",
    "github.com/aerospike/aerospike-client-go",
    "github.com/apple/foundationdb/bindings/go/src/fdb",
    "github.com/chzyer/readline",
    "github.com/dgraph-io/badger",
    "github.com/dgraph-io/badger/options",
    "github.com/go-sql-driver/mysql",
    "github.com/lib/pq",
    "github.com/magiconair/properties",
    "github.com/pingcap/parser/mysql",
    "github.com/pingcap/tidb/config",
    "github.com/pingcap/tidb/kv",
    "github.com/pingcap/tidb/sessionctx/stmtctx",
    "github.com/pingcap/tidb/store/tikv",
    "github.com/pingcap/tidb/tablecodec",
    "github.com/pingcap/tidb/types",
    "github.com/pingcap/tipb/go-tipb",
    "github.com/spf13/cobra",
    "github.com/tecbot/gorocksdb",
    "google.golang.org/api/iterator",
    "google.golang.org/genproto/googleapis/spanner/admin/database/v1",
  ]
  solver-name = "gps-cdcl"
  solver-version = 1
